<?xml version="1.0" encoding="utf-8"?>
<Project ToolsVersion="4.0" xmlns="http://schemas.microsoft.com/developer/msbuild/2003">
  <ItemGroup>
    <ClCompile Include="..\src\joints\ofxBulletJoint.cpp">
      <Filter>ofxBullet</Filter>
    </ClCompile>
    <ClCompile Include="..\src\ofxBulletWorldRigid.cpp">
      <Filter>ofxBullet</Filter>
    </ClCompile>
    <ClCompile Include="..\src\render\GLDebugDrawer.cpp">
      <Filter>ofxBullet</Filter>
    </ClCompile>
    <ClCompile Include="..\src\shapes\ofxBulletBaseShape.cpp">
      <Filter>ofxBullet</Filter>
    </ClCompile>
    <ClCompile Include="..\src\shapes\ofxBulletBox.cpp">
      <Filter>ofxBullet</Filter>
    </ClCompile>
    <ClCompile Include="..\src\shapes\ofxBulletCapsule.cpp">
      <Filter>ofxBullet</Filter>
    </ClCompile>
    <ClCompile Include="..\src\shapes\ofxBulletCone.cpp">
      <Filter>ofxBullet</Filter>
    </ClCompile>
    <ClCompile Include="..\src\shapes\ofxBulletCustomShape.cpp">
      <Filter>ofxBullet</Filter>
    </ClCompile>
    <ClCompile Include="..\src\shapes\ofxBulletCylinder.cpp">
      <Filter>ofxBullet</Filter>
    </ClCompile>
    <ClCompile Include="..\src\shapes\ofxBulletSphere.cpp">
      <Filter>ofxBullet</Filter>
    </ClCompile>
  </ItemGroup>
  <ItemGroup>
    <ClInclude Include="..\src\events\ofxBulletCollisionData.h">
      <Filter>ofxBullet</Filter>
    </ClInclude>
    <ClInclude Include="..\src\events\ofxBulletMousePickEvent.h">
      <Filter>ofxBullet</Filter>
    </ClInclude>
    <ClInclude Include="..\src\events\ofxBulletRaycastData.h">
      <Filter>ofxBullet</Filter>
    </ClInclude>
    <ClInclude Include="..\src\joints\ofxBulletJoint.h">
      <Filter>ofxBullet</Filter>
    </ClInclude>
    <ClInclude Include="..\src\ofxBullet.h">
      <Filter>ofxBullet</Filter>
    </ClInclude>
    <ClInclude Include="..\src\ofxBulletConstants.h">
      <Filter>ofxBullet</Filter>
    </ClInclude>
    <ClInclude Include="..\src\ofxBulletUserData.h">
      <Filter>ofxBullet</Filter>
    </ClInclude>
    <ClInclude Include="..\src\ofxBulletUtils.h">
      <Filter>ofxBullet</Filter>
    </ClInclude>
    <ClInclude Include="..\src\ofxBulletWorldRigid.h">
      <Filter>ofxBullet</Filter>
    </ClInclude>
    <ClInclude Include="..\src\render\GLDebugDrawer.h">
      <Filter>ofxBullet</Filter>
    </ClInclude>
    <ClInclude Include="..\src\shapes\ofxBulletBaseShape.h">
      <Filter>ofxBullet</Filter>
    </ClInclude>
    <ClInclude Include="..\src\shapes\ofxBulletBox.h">
      <Filter>ofxBullet</Filter>
    </ClInclude>
    <ClInclude Include="..\src\shapes\ofxBulletCapsule.h">
      <Filter>ofxBullet</Filter>
    </ClInclude>
    <ClInclude Include="..\src\shapes\ofxBulletCone.h">
      <Filter>ofxBullet</Filter>
    </ClInclude>
    <ClInclude Include="..\src\shapes\ofxBulletCustomShape.h">
      <Filter>ofxBullet</Filter>
    </ClInclude>
    <ClInclude Include="..\src\shapes\ofxBulletCylinder.h">
      <Filter>ofxBullet</Filter>
    </ClInclude>
    <ClInclude Include="..\src\shapes\ofxBulletSphere.h">
      <Filter>ofxBullet</Filter>
    </ClInclude>
  </ItemGroup>
  <ItemGroup>
    <Filter Include="ofxBullet">
      <UniqueIdentifier>{4fce2640-1816-4ede-86af-d417aa9d5dca}</UniqueIdentifier>
    </Filter>
  </ItemGroup>
</Project>